
Microsoft Visual Studio Solution File, Format Version 12.00
# Visual Studio Version 17
VisualStudioVersion = 17.6.33815.320
MinimumVisualStudioVersion = 10.0.40219.1
Project("{FAE04EC0-301F-11D3-BF4B-00C04F79EFBC}") = "JokerWebApp", "JokerWebApp.csproj", "{80A53139-C3AA-40E6-AEC7-17D0FDC73435}"
EndProject
Global
	GlobalSection(SolutionConfigurationPlatforms) = preSolution
		Debug|Any CPU = Debug|Any CPU
		Release|Any CPU = Release|Any CPU
	EndGlobalSection
	GlobalSection(ProjectConfigurationPlatforms) = postSolution
		{80A53139-C3AA-40E6-AEC7-17D0FDC73435}.Debug|Any CPU.ActiveCfg = Debug|Any CPU
		{80A53139-C3AA-40E6-AEC7-17D0FDC73435}.Debug|Any CPU.Build.0 = Debug|Any CPU
		{80A53139-C3AA-40E6-AEC7-17D0FDC73435}.Release|Any CPU.ActiveCfg = Release|Any CPU
		{80A53139-C3AA-40E6-AEC7-17D0FDC73435}.Release|Any CPU.Build.0 = Release|Any CPU
	EndGlobalSection
	GlobalSection(SolutionProperties) = preSolution
		HideSolutionNode = FALSE
	EndGlobalSection
	GlobalSection(ExtensibilityGlobals) = postSolution
		SolutionGuid = {6A13C831-3D3B-476C-B740-14C41E9E7FE4}
	EndGlobalSection
EndGlobal
